// !$*UTF8*$!
{
	archiveVersion = 1;
	classes = {
	};
	objectVersion = 46;
	objects = {

/* Begin PBXBuildFile section */
		E00EBA0E19661783003FF6D8 /* Foundation.framework in Frameworks */ = {isa = PBXBuildFile; fileRef = E00EBA0D19661783003FF6D8 /* Foundation.framework */; };
		E00EBA1019661783003FF6D8 /* CoreGraphics.framework in Frameworks */ = {isa = PBXBuildFile; fileRef = E00EBA0F19661783003FF6D8 /* CoreGraphics.framework */; };
		E00EBA1219661783003FF6D8 /* UIKit.framework in Frameworks */ = {isa = PBXBuildFile; fileRef = E00EBA1119661783003FF6D8 /* UIKit.framework */; };
		E00EBA1819661783003FF6D8 /* InfoPlist.strings in Resources */ = {isa = PBXBuildFile; fileRef = E00EBA1619661783003FF6D8 /* InfoPlist.strings */; };
		E00EBA1A19661783003FF6D8 /* main.m in Sources */ = {isa = PBXBuildFile; fileRef = E00EBA1919661783003FF6D8 /* main.m */; };
		E00EBA1E19661783003FF6D8 /* AppDelegate.m in Sources */ = {isa = PBXBuildFile; fileRef = E00EBA1D19661783003FF6D8 /* AppDelegate.m */; };
		E00EBA2119661783003FF6D8 /* Main.storyboard in Resources */ = {isa = PBXBuildFile; fileRef = E00EBA1F19661783003FF6D8 /* Main.storyboard */; };
		E00EBA2419661783003FF6D8 /* ViewController.m in Sources */ = {isa = PBXBuildFile; fileRef = E00EBA2319661783003FF6D8 /* ViewController.m */; };
		E00EBA2619661783003FF6D8 /* Images.xcassets in Resources */ = {isa = PBXBuildFile; fileRef = E00EBA2519661783003FF6D8 /* Images.xcassets */; };
		E00EBA2D19661783003FF6D8 /* XCTest.framework in Frameworks */ = {isa = PBXBuildFile; fileRef = E00EBA2C19661783003FF6D8 /* XCTest.framework */; };
		E00EBA2E19661783003FF6D8 /* Foundation.framework in Frameworks */ = {isa = PBXBuildFile; fileRef = E00EBA0D19661783003FF6D8 /* Foundation.framework */; };
		E00EBA2F19661783003FF6D8 /* UIKit.framework in Frameworks */ = {isa = PBXBuildFile; fileRef = E00EBA1119661783003FF6D8 /* UIKit.framework */; };
		E00EBA3719661783003FF6D8 /* InfoPlist.strings in Resources */ = {isa = PBXBuildFile; fileRef = E00EBA3519661783003FF6D8 /* InfoPlist.strings */; };
		E00EBA3919661783003FF6D8 /* BeaconPeripheralTestTests.m in Sources */ = {isa = PBXBuildFile; fileRef = E00EBA3819661783003FF6D8 /* BeaconPeripheralTestTests.m */; };
		E00EBA4319661797003FF6D8 /* CoreLocation.framework in Frameworks */ = {isa = PBXBuildFile; fileRef = E00EBA4219661797003FF6D8 /* CoreLocation.framework */; };
/* End PBXBuildFile section */

/* Begin PBXContainerItemProxy section */
		E00EBA3019661783003FF6D8 /* PBXContainerItemProxy */ = {
			isa = PBXContainerItemProxy;
			containerPortal = E00EBA0219661783003FF6D8 /* Project object */;
			proxyType = 1;
			remoteGlobalIDString = E00EBA0919661783003FF6D8;
			remoteInfo = BeaconPeripheralTest;
		};
/* End PBXContainerItemProxy section */

/* Begin PBXFileReference section */
		E00EBA0A19661783003FF6D8 /* BeaconPeripheralTest.app */ = {isa = PBXFileReference; explicitFileType = wrapper.application; includeInIndex = 0; path = BeaconPeripheralTest.app; sourceTree = BUILT_PRODUCTS_DIR; };
		E00EBA0D19661783003FF6D8 /* Foundation.framework */ = {isa = PBXFileReference; lastKnownFileType = wrapper.framework; name = Foundation.framework; path = System/Library/Frameworks/Foundation.framework; sourceTree = SDKROOT; };
		E00EBA0F19661783003FF6D8 /* CoreGraphics.framework */ = {isa = PBXFileReference; lastKnownFileType = wrapper.framework; name = CoreGraphics.framework; path = System/Library/Frameworks/CoreGraphics.framework; sourceTree = SDKROOT; };
		E00EBA1119661783003FF6D8 /* UIKit.framework */ = {isa = PBXFileReference; lastKnownFileType = wrapper.framework; name = UIKit.framework; path = System/Library/Frameworks/UIKit.framework; sourceTree = SDKROOT; };
		E00EBA1519661783003FF6D8 /* BeaconPeripheralTest-Info.plist */ = {isa = PBXFileReference; lastKnownFileType = text.plist.xml; path = "BeaconPeripheralTest-Info.plist"; sourceTree = "<group>"; };
		E00EBA1719661783003FF6D8 /* en */ = {isa = PBXFileReference; lastKnownFileType = text.plist.strings; name = en; path = en.lproj/InfoPlist.strings; sourceTree = "<group>"; };
		E00EBA1919661783003FF6D8 /* main.m */ = {isa = PBXFileReference; lastKnownFileType = sourcecode.c.objc; path = main.m; sourceTree = "<group>"; };
		E00EBA1B19661783003FF6D8 /* BeaconPeripheralTest-Prefix.pch */ = {isa = PBXFileReference; lastKnownFileType = sourcecode.c.h; path = "BeaconPeripheralTest-Prefix.pch"; sourceTree = "<group>"; };
		E00EBA1C19661783003FF6D8 /* AppDelegate.h */ = {isa = PBXFileReference; lastKnownFileType = sourcecode.c.h; path = AppDelegate.h; sourceTree = "<group>"; };
		E00EBA1D19661783003FF6D8 /* AppDelegate.m */ = {isa = PBXFileReference; lastKnownFileType = sourcecode.c.objc; path = AppDelegate.m; sourceTree = "<group>"; };
		E00EBA2019661783003FF6D8 /* Base */ = {isa = PBXFileReference; lastKnownFileType = file.storyboard; name = Base; path = Base.lproj/Main.storyboard; sourceTree = "<group>"; };
		E00EBA2219661783003FF6D8 /* ViewController.h */ = {isa = PBXFileReference; lastKnownFileType = sourcecode.c.h; path = ViewController.h; sourceTree = "<group>"; };
		E00EBA2319661783003FF6D8 /* ViewController.m */ = {isa = PBXFileReference; lastKnownFileType = sourcecode.c.objc; path = ViewController.m; sourceTree = "<group>"; };
		E00EBA2519661783003FF6D8 /* Images.xcassets */ = {isa = PBXFileReference; lastKnownFileType = folder.assetcatalog; path = Images.xcassets; sourceTree = "<group>"; };
		E00EBA2B19661783003FF6D8 /* BeaconPeripheralTestTests.xctest */ = {isa = PBXFileReference; explicitFileType = wrapper.cfbundle; includeInIndex = 0; path = BeaconPeripheralTestTests.xctest; sourceTree = BUILT_PRODUCTS_DIR; };
		E00EBA2C19661783003FF6D8 /* XCTest.framework */ = {isa = PBXFileReference; lastKnownFileType = wrapper.framework; name = XCTest.framework; path = Library/Frameworks/XCTest.framework; sourceTree = DEVELOPER_DIR; };
		E00EBA3419661783003FF6D8 /* BeaconPeripheralTestTests-Info.plist */ = {isa = PBXFileReference; lastKnownFileType = text.plist.xml; path = "BeaconPeripheralTestTests-Info.plist"; sourceTree = "<group>"; };
		E00EBA3619661783003FF6D8 /* en */ = {isa = PBXFileReference; lastKnownFileType = text.plist.strings; name = en; path = en.lproj/InfoPlist.strings; sourceTree = "<group>"; };
		E00EBA3819661783003FF6D8 /* BeaconPeripheralTestTests.m */ = {isa = PBXFileReference; lastKnownFileType = sourcecode.c.objc; path = BeaconPeripheralTestTests.m; sourceTree = "<group>"; };
		E00EBA4219661797003FF6D8 /* CoreLocation.framework */ = {isa = PBXFileReference; lastKnownFileType = wrapper.framework; name = CoreLocation.framework; path = System/Library/Frameworks/CoreLocation.framework; sourceTree = SDKROOT; };
/* End PBXFileReference section */

/* Begin PBXFrameworksBuildPhase section */
		E00EBA0719661783003FF6D8 /* Frameworks */ = {
			isa = PBXFrameworksBuildPhase;
			buildActionMask = 2147483647;
			files = (
				E00EBA4319661797003FF6D8 /* CoreLocation.framework in Frameworks */,
				E00EBA1019661783003FF6D8 /* CoreGraphics.framework in Frameworks */,
				E00EBA1219661783003FF6D8 /* UIKit.framework in Frameworks */,
				E00EBA0E19661783003FF6D8 /* Foundation.framework in Frameworks */,
			);
			runOnlyForDeploymentPostprocessing = 0;
		};
		E00EBA2819661783003FF6D8 /* Frameworks */ = {
			isa = PBXFrameworksBuildPhase;
			buildActionMask = 2147483647;
			files = (
				E00EBA2D19661783003FF6D8 /* XCTest.framework in Frameworks */,
				E00EBA2F19661783003FF6D8 /* UIKit.framework in Frameworks */,
				E00EBA2E19661783003FF6D8 /* Foundation.framework in Frameworks */,
			);
			runOnlyForDeploymentPostprocessing = 0;
		};
/* End PBXFrameworksBuildPhase section */

/* Begin PBXGroup section */
		E00EBA0119661783003FF6D8 = {
			isa = PBXGroup;
			children = (
				E00EBA1319661783003FF6D8 /* BeaconPeripheralTest */,
				E00EBA3219661783003FF6D8 /* BeaconPeripheralTestTests */,
				E00EBA0C19661783003FF6D8 /* Frameworks */,
				E00EBA0B19661783003FF6D8 /* Products */,
			);
			sourceTree = "<group>";
		};
		E00EBA0B19661783003FF6D8 /* Products */ = {
			isa = PBXGroup;
			children = (
				E00EBA0A19661783003FF6D8 /* BeaconPeripheralTest.app */,
				E00EBA2B19661783003FF6D8 /* BeaconPeripheralTestTests.xctest */,
			);
			name = Products;
			sourceTree = "<group>";
		};
		E00EBA0C19661783003FF6D8 /* Frameworks */ = {
			isa = PBXGroup;
			children = (
				E00EBA4219661797003FF6D8 /* CoreLocation.framework */,
				E00EBA0D19661783003FF6D8 /* Foundation.framework */,
				E00EBA0F19661783003FF6D8 /* CoreGraphics.framework */,
				E00EBA1119661783003FF6D8 /* UIKit.framework */,
				E00EBA2C19661783003FF6D8 /* XCTest.framework */,
			);
			name = Frameworks;
			sourceTree = "<group>";
		};
		E00EBA1319661783003FF6D8 /* BeaconPeripheralTest */ = {
			isa = PBXGroup;
			children = (
				E00EBA1C19661783003FF6D8 /* AppDelegate.h */,
				E00EBA1D19661783003FF6D8 /* AppDelegate.m */,
				E00EBA1F19661783003FF6D8 /* Main.storyboard */,
				E00EBA2219661783003FF6D8 /* ViewController.h */,
				E00EBA2319661783003FF6D8 /* ViewController.m */,
				E00EBA2519661783003FF6D8 /* Images.xcassets */,
				E00EBA1419661783003FF6D8 /* Supporting Files */,
			);
			path = BeaconPeripheralTest;
			sourceTree = "<group>";
		};
		E00EBA1419661783003FF6D8 /* Supporting Files */ = {
			isa = PBXGroup;
			children = (
				E00EBA1519661783003FF6D8 /* BeaconPeripheralTest-Info.plist */,
				E00EBA1619661783003FF6D8 /* InfoPlist.strings */,
				E00EBA1919661783003FF6D8 /* main.m */,
				E00EBA1B19661783003FF6D8 /* BeaconPeripheralTest-Prefix.pch */,
			);
			name = "Supporting Files";
			sourceTree = "<group>";
		};
		E00EBA3219661783003FF6D8 /* BeaconPeripheralTestTests */ = {
			isa = PBXGroup;
			children = (
				E00EBA3819661783003FF6D8 /* BeaconPeripheralTestTests.m */,
				E00EBA3319661783003FF6D8 /* Supporting Files */,
			);
			path = BeaconPeripheralTestTests;
			sourceTree = "<group>";
		};
		E00EBA3319661783003FF6D8 /* Supporting Files */ = {
			isa = PBXGroup;
			children = (
				E00EBA3419661783003FF6D8 /* BeaconPeripheralTestTests-Info.plist */,
				E00EBA3519661783003FF6D8 /* InfoPlist.strings */,
			);
			name = "Supporting Files";
			sourceTree = "<group>";
		};
/* End PBXGroup section */

/* Begin PBXNativeTarget section */
		E00EBA0919661783003FF6D8 /* BeaconPeripheralTest */ = {
			isa = PBXNativeTarget;
			buildConfigurationList = E00EBA3C19661783003FF6D8 /* Build configuration list for PBXNativeTarget "BeaconPeripheralTest" */;
			buildPhases = (
				E00EBA0619661783003FF6D8 /* Sources */,
				E00EBA0719661783003FF6D8 /* Frameworks */,
				E00EBA0819661783003FF6D8 /* Resources */,
			);
			buildRules = (
			);
			dependencies = (
			);
			name = BeaconPeripheralTest;
			productName = BeaconPeripheralTest;
			productReference = E00EBA0A19661783003FF6D8 /* BeaconPeripheralTest.app */;
			productType = "com.apple.product-type.application";
		};
		E00EBA2A19661783003FF6D8 /* BeaconPeripheralTestTests */ = {
			isa = PBXNativeTarget;
			buildConfigurationList = E00EBA3F19661783003FF6D8 /* Build configuration list for PBXNativeTarget "BeaconPeripheralTestTests" */;
			buildPhases = (
				E00EBA2719661783003FF6D8 /* Sources */,
				E00EBA2819661783003FF6D8 /* Frameworks */,
				E00EBA2919661783003FF6D8 /* Resources */,
			);
			buildRules = (
			);
			dependencies = (
				E00EBA3119661783003FF6D8 /* PBXTargetDependency */,
			);
			name = BeaconPeripheralTestTests;
			productName = BeaconPeripheralTestTests;
			productReference = E00EBA2B19661783003FF6D8 /* BeaconPeripheralTestTests.xctest */;
			productType = "com.apple.product-type.bundle.unit-test";
		};
/* End PBXNativeTarget section */

/* Begin PBXProject section */
		E00EBA0219661783003FF6D8 /* Project object */ = {
			isa = PBXProject;
			attributes = {
				LastUpgradeCheck = 0510;
				ORGANIZATIONNAME = "Seiya Maeda";
				TargetAttributes = {
					E00EBA2A19661783003FF6D8 = {
						TestTargetID = E00EBA0919661783003FF6D8;
					};
				};
			};
			buildConfigurationList = E00EBA0519661783003FF6D8 /* Build configuration list for PBXProject "BeaconPeripheralTest" */;
			compatibilityVersion = "Xcode 3.2";
			developmentRegion = English;
			hasScannedForEncodings = 0;
			knownRegions = (
				en,
				Base,
			);
			mainGroup = E00EBA0119661783003FF6D8;
			productRefGroup = E00EBA0B19661783003FF6D8 /* Products */;
			projectDirPath = "";
			projectRoot = "";
			targets = (
				E00EBA0919661783003FF6D8 /* BeaconPeripheralTest */,
				E00EBA2A19661783003FF6D8 /* BeaconPeripheralTestTests */,
			);
		};
/* End PBXProject section */

/* Begin PBXResourcesBuildPhase section */
		E00EBA0819661783003FF6D8 /* Resources */ = {
			isa = PBXResourcesBuildPhase;
			buildActionMask = 2147483647;
			files = (
				E00EBA2619661783003FF6D8 /* Images.xcassets in Resources */,
				E00EBA1819661783003FF6D8 /* InfoPlist.strings in Resources */,
				E00EBA2119661783003FF6D8 /* Main.storyboard in Resources */,
			);
			runOnlyForDeploymentPostprocessing = 0;
		};
		E00EBA2919661783003FF6D8 /* Resources */ = {
			isa = PBXResourcesBuildPhase;
			buildActionMask = 2147483647;
			files = (
				E00EBA3719661783003FF6D8 /* InfoPlist.strings in Resources */,
			);
			runOnlyForDeploymentPostprocessing = 0;
		};
/* End PBXResourcesBuildPhase section */

/* Begin PBXSourcesBuildPhase section */
		E00EBA0619661783003FF6D8 /* Sources */ = {
			isa = PBXSourcesBuildPhase;
			buildActionMask = 2147483647;
			files = (
				E00EBA2419661783003FF6D8 /* ViewController.m in Sources */,
				E00EBA1E19661783003FF6D8 /* AppDelegate.m in Sources */,
				E00EBA1A19661783003FF6D8 /* main.m in Sources */,
			);
			runOnlyForDeploymentPostprocessing = 0;
		};
		E00EBA2719661783003FF6D8 /* Sources */ = {
			isa = PBXSourcesBuildPhase;
			buildActionMask = 2147483647;
			files = (
				E00EBA3919661783003FF6D8 /* BeaconPeripheralTestTests.m in Sources */,
			);
			runOnlyForDeploymentPostprocessing = 0;
		};
/* End PBXSourcesBuildPhase section */

/* Begin PBXTargetDependency section */
		E00EBA3119661783003FF6D8 /* PBXTargetDependency */ = {
			isa = PBXTargetDependency;
			target = E00EBA0919661783003FF6D8 /* BeaconPeripheralTest */;
			targetProxy = E00EBA3019661783003FF6D8 /* PBXContainerItemProxy */;
		};
/* End PBXTargetDependency section */

/* Begin PBXVariantGroup section */
		E00EBA1619661783003FF6D8 /* InfoPlist.strings */ = {
			isa = PBXVariantGroup;
			children = (
				E00EBA1719661783003FF6D8 /* en */,
			);
			name = InfoPlist.strings;
			sourceTree = "<group>";
		};
		E00EBA1F19661783003FF6D8 /* Main.storyboard */ = {
			isa = PBXVariantGroup;
			children = (
				E00EBA2019661783003FF6D8 /* Base */,
			);
			name = Main.storyboard;
			sourceTree = "<group>";
		};
		E00EBA3519661783003FF6D8 /* InfoPlist.strings */ = {
			isa = PBXVariantGroup;
			children = (
				E00EBA3619661783003FF6D8 /* en */,
			);
			name = InfoPlist.strings;
			sourceTree = "<group>";
		};
/* End PBXVariantGroup section */

/* Begin XCBuildConfiguration section */
		E00EBA3A19661783003FF6D8 /* Debug */ = {
			isa = XCBuildConfiguration;
			buildSettings = {
				ALWAYS_SEARCH_USER_PATHS = NO;
				CLANG_CXX_LANGUAGE_STANDARD = "gnu++0x";
				CLANG_CXX_LIBRARY = "libc++";
				CLANG_ENABLE_MODULES = YES;
				CLANG_ENABLE_OBJC_ARC = YES;
				CLANG_WARN_BOOL_CONVERSION = YES;
				CLANG_WARN_CONSTANT_CONVERSION = YES;
				CLANG_WARN_DIRECT_OBJC_ISA_USAGE = YES_ERROR;
				CLANG_WARN_EMPTY_BODY = YES;
				CLANG_WARN_ENUM_CONVERSION = YES;
				CLANG_WARN_INT_CONVERSION = YES;
				CLANG_WARN_OBJC_ROOT_CLASS = YES_ERROR;
				CLANG_WARN__DUPLICATE_METHOD_MATCH = YES;
				"CODE_SIGN_IDENTITY[sdk=iphoneos*]" = "iPhone Developer";
				COPY_PHASE_STRIP = NO;
				GCC_C_LANGUAGE_STANDARD = gnu99;
				GCC_DYNAMIC_NO_PIC = NO;
				GCC_OPTIMIZATION_LEVEL = 0;
				GCC_PREPROCESSOR_DEFINITIONS = (
					"DEBUG=1",
					"$(inherited)",
				);
				GCC_SYMBOLS_PRIVATE_EXTERN = NO;
				GCC_WARN_64_TO_32_BIT_CONVERSION = YES;
				GCC_WARN_ABOUT_RETURN_TYPE = YES_ERROR;
				GCC_WARN_UNDECLARED_SELECTOR = YES;
				GCC_WARN_UNINITIALIZED_AUTOS = YES_AGGRESSIVE;
				GCC_WARN_UNUSED_FUNCTION = YES;
				GCC_WARN_UNUSED_VARIABLE = YES;
				IPHONEOS_DEPLOYMENT_TARGET = 7.1;
				ONLY_ACTIVE_ARCH = YES;
				SDKROOT = iphoneos;
			};
			name = Debug;
		};
		E00EBA3B19661783003FF6D8 /* Release */ = {
			isa = XCBuildConfiguration;
			buildSettings = {
				ALWAYS_SEARCH_USER_PATHS = NO;
				CLANG_CXX_LANGUAGE_STANDARD = "gnu++0x";
				CLANG_CXX_LIBRARY = "libc++";
				CLANG_ENABLE_MODULES = YES;
				CLANG_ENABLE_OBJC_ARC = YES;
				CLANG_WARN_BOOL_CONVERSION = YES;
				CLANG_WARN_CONSTANT_CONVERSION = YES;
				CLANG_WARN_DIRECT_OBJC_ISA_USAGE = YES_ERROR;
				CLANG_WARN_EMPTY_BODY = YES;
				CLANG_WARN_ENUM_CONVERSION = YES;
				CLANG_WARN_INT_CONVERSION = YES;
				CLANG_WARN_OBJC_ROOT_CLASS = YES_ERROR;
				CLANG_WARN__DUPLICATE_METHOD_MATCH = YES;
				"CODE_SIGN_IDENTITY[sdk=iphoneos*]" = "iPhone Developer";
				COPY_PHASE_STRIP = YES;
				ENABLE_NS_ASSERTIONS = NO;
				GCC_C_LANGUAGE_STANDARD = gnu99;
				GCC_WARN_64_TO_32_BIT_CONVERSION = YES;
				GCC_WARN_ABOUT_RETURN_TYPE = YES_ERROR;
				GCC_WARN_UNDECLARED_SELECTOR = YES;
				GCC_WARN_UNINITIALIZED_AUTOS = YES_AGGRESSIVE;
				GCC_WARN_UNUSED_FUNCTION = YES;
				GCC_WARN_UNUSED_VARIABLE = YES;
				IPHONEOS_DEPLOYMENT_TARGET = 7.1;
				SDKROOT = iphoneos;
				VALIDATE_PRODUCT = YES;
			};
			name = Release;
		};
		E00EBA3D19661783003FF6D8 /* Debug */ = {
			isa = XCBuildConfiguration;
			buildSettings = {
				ASSETCATALOG_COMPILER_APPICON_NAME = AppIcon;
				ASSETCATALOG_COMPILER_LAUNCHIMAGE_NAME = LaunchImage;
				GCC_PRECOMPILE_PREFIX_HEADER = YES;
				GCC_PREFIX_HEADER = "BeaconPeripheralTest/BeaconPeripheralTest-Prefix.pch";
				INFOPLIST_FILE = "BeaconPeripheralTest/BeaconPeripheralTest-Info.plist";
				PRODUCT_NAME = "$(TARGET_NAME)";
				WRAPPER_EXTENSION = app;
			};
			name = Debug;
		};
		E00EBA3E19661783003FF6D8 /* Release */ = {
			isa = XCBuildConfiguration;
			buildSettings = {
				ASSETCATALOG_COMPILER_APPICON_NAME = AppIcon;
				ASSETCATALOG_COMPILER_LAUNCHIMAGE_NAME = LaunchImage;
				GCC_PRECOMPILE_PREFIX_HEADER = YES;
				GCC_PREFIX_HEADER = "BeaconPeripheralTest/BeaconPeripheralTest-Prefix.pch";
				INFOPLIST_FILE = "BeaconPeripheralTest/BeaconPeripheralTest-Info.plist";
				PRODUCT_NAME = "$(TARGET_NAME)";
				WRAPPER_EXTENSION = app;
			};
			name = Release;
		};
		E00EBA4019661783003FF6D8 /* Debug */ = {
			isa = XCBuildConfiguration;
			buildSettings = {
				BUNDLE_LOADER = "$(BUILT_PRODUCTS_DIR)/BeaconPeripheralTest.app/BeaconPeripheralTest";
				FRAMEWORK_SEARCH_PATHS = (
					"$(SDKROOT)/Developer/Library/Frameworks",
					"$(inherited)",
					"$(DEVELOPER_FRAMEWORKS_DIR)",
				);
				GCC_PRECOMPILE_PREFIX_HEADER = YES;
				GCC_PREFIX_HEADER = "BeaconPeripheralTest/BeaconPeripheralTest-Prefix.pch";
				GCC_PREPROCESSOR_DEFINITIONS = (
					"DEBUG=1",
					"$(inherited)",
				);
				INFOPLIST_FILE = "BeaconPeripheralTestTests/BeaconPeripheralTestTests-Info.plist";
				PRODUCT_NAME = "$(TARGET_NAME)";
				TEST_HOST = "$(BUNDLE_LOADER)";
				WRAPPER_EXTENSION = xctest;
			};
			name = Debug;
		};
		E00EBA4119661783003FF6D8 /* Release */ = {
			isa = XCBuildConfiguration;
			buildSettings = {
				BUNDLE_LOADER = "$(BUILT_PRODUCTS_DIR)/BeaconPeripheralTest.app/BeaconPeripheralTest";
				FRAMEWORK_SEARCH_PATHS = (
					"$(SDKROOT)/Developer/Library/Frameworks",
					"$(inherited)",
					"$(DEVELOPER_FRAMEWORKS_DIR)",
				);
				GCC_PRECOMPILE_PREFIX_HEADER = YES;
				GCC_PREFIX_HEADER = "BeaconPeripheralTest/BeaconPeripheralTest-Prefix.pch";
				INFOPLIST_FILE = "BeaconPeripheralTestTests/BeaconPeripheralTestTests-Info.plist";
				PRODUCT_NAME = "$(TARGET_NAME)";
				TEST_HOST = "$(BUNDLE_LOADER)";
				WRAPPER_EXTENSION = xctest;
			};
			name = Release;
		};
/* End XCBuildConfiguration section */

/* Begin XCConfigurationList section */
		E00EBA0519661783003FF6D8 /* Build configuration list for PBXProject "BeaconPeripheralTest" */ = {
			isa = XCConfigurationList;
			buildConfigurations = (
				E00EBA3A19661783003FF6D8 /* Debug */,
				E00EBA3B19661783003FF6D8 /* Release */,
			);
			defaultConfigurationIsVisible = 0;
			defaultConfigurationName = Release;
		};
		E00EBA3C19661783003FF6D8 /* Build configuration list for PBXNativeTarget "BeaconPeripheralTest" */ = {
			isa = XCConfigurationList;
			buildConfigurations = (
				E00EBA3D19661783003FF6D8 /* Debug */,
				E00EBA3E19661783003FF6D8 /* Release */,
			);
			defaultConfigurationIsVisible = 0;
		};
		E00EBA3F19661783003FF6D8 /* Build configuration list for PBXNativeTarget "BeaconPeripheralTestTests" */ = {
			isa = XCConfigurationList;
			buildConfigurations = (
				E00EBA4019661783003FF6D8 /* Debug */,
				E00EBA4119661783003FF6D8 /* Release */,
			);
			defaultConfigurationIsVisible = 0;
		};
/* End XCConfigurationList section */
	};
	rootObject = E00EBA0219661783003FF6D8 /* Project object */;
}
